
Microsoft Visual Studio Solution File, Format Version 12.00
# Visual Studio Version 16
VisualStudioVersion = 16.0.30225.117
MinimumVisualStudioVersion = 10.0.40219.1
Project("{FAE04EC0-301F-11D3-BF4B-00C04F79EFBC}") = "asn.Runtime.Core", "asn.Runtime.Core\asn.Runtime.Core.csproj", "{8A52204A-B0BD-4CC3-A720-90772FEF93A6}"
EndProject
Project("{FAE04EC0-301F-11D3-BF4B-00C04F79EFBC}") = "asn.Runtime.Interface", "asn.Runtime.Interface\asn.Runtime.Interface.csproj", "{85F4A365-F836-4651-9724-36D53EDEFDD7}"
EndProject
Project("{FAE04EC0-301F-11D3-BF4B-00C04F79EFBC}") = "asn.Tool", "asn.Tool\asn.Tool.csproj", "{BADABCA8-1273-407B-BF4F-A9B23A2E86FF}"
EndProject
Project("{2150E333-8FDC-42A3-9474-1A3956D46DE8}") = "asn.Runtime.Plugins", "asn.Runtime.Plugins", "{5BC254B6-CFB1-47C3-9229-21B88A711393}"
EndProject
Project("{FAE04EC0-301F-11D3-BF4B-00C04F79EFBC}") = "asn.Runtime.Plugins.Generic", "asn.Runtime.Plugins\asn.Runtime.Plugins.Generic\asn.Runtime.Plugins.Generic.csproj", "{3C01CE40-15EC-48EE-8337-716DA24765D6}"
EndProject
Project("{FAE04EC0-301F-11D3-BF4B-00C04F79EFBC}") = "asn.Runtime.Plugins.Domain", "asn.Runtime.Plugins\asn.Runtime.Plugins.Domain\asn.Runtime.Plugins.Domain.csproj", "{CED6501A-D766-4B5E-ADF2-E50A4FCEA744}"
EndProject
Project("{2150E333-8FDC-42A3-9474-1A3956D46DE8}") = "asn.DummyInstructions.Plugins", "asn.DummyInstructions.Plugins", "{7DE0E3F2-CEC0-44FB-AF70-9612712AF23E}"
EndProject
Project("{FAE04EC0-301F-11D3-BF4B-00C04F79EFBC}") = "asn.DummyInstructions.Plugins.Generic", "asn.DummyInstructions.Plugins\asn.DummyInstructions.Plugins.Generic\asn.DummyInstructions.Plugins.Generic.csproj", "{0745308D-BA8A-40B3-9560-4A8DE6932016}"
EndProject
Project("{FAE04EC0-301F-11D3-BF4B-00C04F79EFBC}") = "asn.Ide", "asn.Ide\asn.Ide.csproj", "{CDCD061E-342D-4F08-8C17-011FDDC6004C}"
EndProject
Global
	GlobalSection(SolutionConfigurationPlatforms) = preSolution
		Debug|Any CPU = Debug|Any CPU
		Release|Any CPU = Release|Any CPU
	EndGlobalSection
	GlobalSection(ProjectConfigurationPlatforms) = postSolution
		{8A52204A-B0BD-4CC3-A720-90772FEF93A6}.Debug|Any CPU.ActiveCfg = Debug|Any CPU
		{8A52204A-B0BD-4CC3-A720-90772FEF93A6}.Debug|Any CPU.Build.0 = Debug|Any CPU
		{8A52204A-B0BD-4CC3-A720-90772FEF93A6}.Release|Any CPU.ActiveCfg = Release|Any CPU
		{8A52204A-B0BD-4CC3-A720-90772FEF93A6}.Release|Any CPU.Build.0 = Release|Any CPU
		{85F4A365-F836-4651-9724-36D53EDEFDD7}.Debug|Any CPU.ActiveCfg = Debug|Any CPU
		{85F4A365-F836-4651-9724-36D53EDEFDD7}.Debug|Any CPU.Build.0 = Debug|Any CPU
		{85F4A365-F836-4651-9724-36D53EDEFDD7}.Release|Any CPU.ActiveCfg = Release|Any CPU
		{85F4A365-F836-4651-9724-36D53EDEFDD7}.Release|Any CPU.Build.0 = Release|Any CPU
		{BADABCA8-1273-407B-BF4F-A9B23A2E86FF}.Debug|Any CPU.ActiveCfg = Debug|Any CPU
		{BADABCA8-1273-407B-BF4F-A9B23A2E86FF}.Debug|Any CPU.Build.0 = Debug|Any CPU
		{BADABCA8-1273-407B-BF4F-A9B23A2E86FF}.Release|Any CPU.ActiveCfg = Release|Any CPU
		{BADABCA8-1273-407B-BF4F-A9B23A2E86FF}.Release|Any CPU.Build.0 = Release|Any CPU
		{3C01CE40-15EC-48EE-8337-716DA24765D6}.Debug|Any CPU.ActiveCfg = Debug|Any CPU
		{3C01CE40-15EC-48EE-8337-716DA24765D6}.Debug|Any CPU.Build.0 = Debug|Any CPU
		{3C01CE40-15EC-48EE-8337-716DA24765D6}.Release|Any CPU.ActiveCfg = Release|Any CPU
		{3C01CE40-15EC-48EE-8337-716DA24765D6}.Release|Any CPU.Build.0 = Release|Any CPU
		{CED6501A-D766-4B5E-ADF2-E50A4FCEA744}.Debug|Any CPU.ActiveCfg = Debug|Any CPU
		{CED6501A-D766-4B5E-ADF2-E50A4FCEA744}.Debug|Any CPU.Build.0 = Debug|Any CPU
		{CED6501A-D766-4B5E-ADF2-E50A4FCEA744}.Release|Any CPU.ActiveCfg = Release|Any CPU
		{CED6501A-D766-4B5E-ADF2-E50A4FCEA744}.Release|Any CPU.Build.0 = Release|Any CPU
		{0745308D-BA8A-40B3-9560-4A8DE6932016}.Debug|Any CPU.ActiveCfg = Debug|Any CPU
		{0745308D-BA8A-40B3-9560-4A8DE6932016}.Debug|Any CPU.Build.0 = Debug|Any CPU
		{0745308D-BA8A-40B3-9560-4A8DE6932016}.Release|Any CPU.ActiveCfg = Release|Any CPU
		{0745308D-BA8A-40B3-9560-4A8DE6932016}.Release|Any CPU.Build.0 = Release|Any CPU
		{CDCD061E-342D-4F08-8C17-011FDDC6004C}.Debug|Any CPU.ActiveCfg = Debug|Any CPU
		{CDCD061E-342D-4F08-8C17-011FDDC6004C}.Debug|Any CPU.Build.0 = Debug|Any CPU
		{CDCD061E-342D-4F08-8C17-011FDDC6004C}.Release|Any CPU.ActiveCfg = Release|Any CPU
		{CDCD061E-342D-4F08-8C17-011FDDC6004C}.Release|Any CPU.Build.0 = Release|Any CPU
	EndGlobalSection
	GlobalSection(SolutionProperties) = preSolution
		HideSolutionNode = FALSE
	EndGlobalSection
	GlobalSection(NestedProjects) = preSolution
		{3C01CE40-15EC-48EE-8337-716DA24765D6} = {5BC254B6-CFB1-47C3-9229-21B88A711393}
		{CED6501A-D766-4B5E-ADF2-E50A4FCEA744} = {5BC254B6-CFB1-47C3-9229-21B88A711393}
		{0745308D-BA8A-40B3-9560-4A8DE6932016} = {7DE0E3F2-CEC0-44FB-AF70-9612712AF23E}
	EndGlobalSection
	GlobalSection(ExtensibilityGlobals) = postSolution
		SolutionGuid = {11203901-8FF1-4675-B079-E9CA4A55645F}
	EndGlobalSection
EndGlobal
